<Solution>
  <Folder Name="/Contracts/">
    <Project Path="Contracts/PhoneBook.Contracts/PhoneBook.Contracts.csproj" Id="5c619c08-1262-49b4-81e8-00d59680bdbd" />
  </Folder>
  <Folder Name="/docker/" />
  <Folder Name="/docker/postgres/">
    <File Path="docker/postgres/init-multiple-databases.sh" />
  </Folder>
  <Folder Name="/Domain/">
    <Project Path="Domain/PhoneBook.Domain/PhoneBook.Domain.csproj" />
  </Folder>
  <Folder Name="/Infrastructure/">
    <Project Path="Infrastructure/PhoneBook.Infrastructure/PhoneBook.Infrastructure.csproj" />
  </Folder>
  <Folder Name="/Presentation/">
    <Project Path="Presentation/ContactInfoService/ContactInfoService.csproj" />
    <Project Path="Presentation/ContactService/ContactService.csproj" />
  </Folder>
  <Folder Name="/Services/">
    <Project Path="Services/PhoneBook.Services/PhoneBook.Services.csproj" />
  </Folder>
  <Folder Name="/Solution Items/">
    <File Path="docker-compose.yml" />
  </Folder>
  <Folder Name="/Tests/">
    <Project Path="Tests/PhoneBook.Tests/PhoneBook.Tests.csproj" />
  </Folder>
</Solution>
